
Microsoft Visual Studio Solution File, Format Version 12.00
# Visual Studio Version 17
VisualStudioVersion = 17.9.34723.18
MinimumVisualStudioVersion = 10.0.40219.1
Project("{FAE04EC0-301F-11D3-BF4B-00C04F79EFBC}") = "loja-produtos F", "loja-produtos F\loja-produtos F.csproj", "{7F19D77A-BBFF-42E9-B52B-D882F4CADB15}"
EndProject
Global
	GlobalSection(SolutionConfigurationPlatforms) = preSolution
		Debug|Any CPU = Debug|Any CPU
		Release|Any CPU = Release|Any CPU
	EndGlobalSection
	GlobalSection(ProjectConfigurationPlatforms) = postSolution
		{7F19D77A-BBFF-42E9-B52B-D882F4CADB15}.Debug|Any CPU.ActiveCfg = Debug|Any CPU
		{7F19D77A-BBFF-42E9-B52B-D882F4CADB15}.Debug|Any CPU.Build.0 = Debug|Any CPU
		{7F19D77A-BBFF-42E9-B52B-D882F4CADB15}.Release|Any CPU.ActiveCfg = Release|Any CPU
		{7F19D77A-BBFF-42E9-B52B-D882F4CADB15}.Release|Any CPU.Build.0 = Release|Any CPU
	EndGlobalSection
	GlobalSection(SolutionProperties) = preSolution
		HideSolutionNode = FALSE
	EndGlobalSection
	GlobalSection(ExtensibilityGlobals) = postSolution
		SolutionGuid = {BD5E42B4-D461-432E-BA91-590D6529D9E2}
	EndGlobalSection
EndGlobal
